
Microsoft Visual Studio Solution File, Format Version 12.00
# Visual Studio Version 16
VisualStudioVersion = 16.0.33214.272
MinimumVisualStudioVersion = 10.0.40219.1
Project("{9A19103F-16F7-4668-BE54-9A1E7A4F7556}") = "Lab 5 Тема 5 СамРаб. Задача 2", "Lab 5 Тема 5 СамРаб. Задача 2\Lab 5 Тема 5 СамРаб. Задача 2.csproj", "{5FA0A0AC-4203-41AA-8762-6DF0741BD176}"
EndProject
Project("{FAE04EC0-301F-11D3-BF4B-00C04F79EFBC}") = "Lab 5 Тема 5 СамРаб. Задача 2 Max", "Lab 5 Тема 5 СамРаб. Задача 2 Max\Lab 5 Тема 5 СамРаб. Задача 2 Max.csproj", "{0C1AC754-DDF2-4C54-B3CB-E45025D6A4C2}"
EndProject
Project("{FAE04EC0-301F-11D3-BF4B-00C04F79EFBC}") = "Lab 5 Тема 5 СамРаб. Задача 2 Min", "Lab 5 Тема 5 СамРаб. Задача 2 Min\Lab 5 Тема 5 СамРаб. Задача 2 Min.csproj", "{A916013E-D041-4B33-BBD9-E9584659D23F}"
EndProject
Global
	GlobalSection(SolutionConfigurationPlatforms) = preSolution
		Debug|Any CPU = Debug|Any CPU
		Release|Any CPU = Release|Any CPU
	EndGlobalSection
	GlobalSection(ProjectConfigurationPlatforms) = postSolution
		{5FA0A0AC-4203-41AA-8762-6DF0741BD176}.Debug|Any CPU.ActiveCfg = Debug|Any CPU
		{5FA0A0AC-4203-41AA-8762-6DF0741BD176}.Debug|Any CPU.Build.0 = Debug|Any CPU
		{5FA0A0AC-4203-41AA-8762-6DF0741BD176}.Release|Any CPU.ActiveCfg = Release|Any CPU
		{5FA0A0AC-4203-41AA-8762-6DF0741BD176}.Release|Any CPU.Build.0 = Release|Any CPU
		{0C1AC754-DDF2-4C54-B3CB-E45025D6A4C2}.Debug|Any CPU.ActiveCfg = Debug|Any CPU
		{0C1AC754-DDF2-4C54-B3CB-E45025D6A4C2}.Debug|Any CPU.Build.0 = Debug|Any CPU
		{0C1AC754-DDF2-4C54-B3CB-E45025D6A4C2}.Release|Any CPU.ActiveCfg = Release|Any CPU
		{0C1AC754-DDF2-4C54-B3CB-E45025D6A4C2}.Release|Any CPU.Build.0 = Release|Any CPU
		{A916013E-D041-4B33-BBD9-E9584659D23F}.Debug|Any CPU.ActiveCfg = Debug|Any CPU
		{A916013E-D041-4B33-BBD9-E9584659D23F}.Debug|Any CPU.Build.0 = Debug|Any CPU
		{A916013E-D041-4B33-BBD9-E9584659D23F}.Release|Any CPU.ActiveCfg = Release|Any CPU
		{A916013E-D041-4B33-BBD9-E9584659D23F}.Release|Any CPU.Build.0 = Release|Any CPU
	EndGlobalSection
	GlobalSection(SolutionProperties) = preSolution
		HideSolutionNode = FALSE
	EndGlobalSection
	GlobalSection(ExtensibilityGlobals) = postSolution
		SolutionGuid = {ECCE3C91-B3A3-480B-AB20-8A1A2B549354}
	EndGlobalSection
EndGlobal
